
Microsoft Visual Studio Solution File, Format Version 12.00
# Visual Studio 15
VisualStudioVersion = 15.0.27703.2026
MinimumVisualStudioVersion = 10.0.40219.1
Project("{FAE04EC0-301F-11D3-BF4B-00C04F79EFBC}") = "FirstWeb.Core", "FirstWeb.Core\FirstWeb.Core.csproj", "{FC1D52FC-7816-431F-82E7-CC62E0806AAF}"
EndProject
Project("{FAE04EC0-301F-11D3-BF4B-00C04F79EFBC}") = "FirstWeb.Web", "FirstWeb.Web\FirstWeb.Web.csproj", "{A9BFA392-DC33-4FAF-BEF5-01D9149D5509}"
EndProject
Project("{FAE04EC0-301F-11D3-BF4B-00C04F79EFBC}") = "WeChat.WebApi", "WeChat.WebApi\WeChat.WebApi.csproj", "{73D48706-3A9B-4E15-9266-79D76BE75511}"
EndProject
Project("{FAE04EC0-301F-11D3-BF4B-00C04F79EFBC}") = "Test", "Test\Test.csproj", "{9A3B7AF1-4629-4AB2-BD58-C6A885528B8E}"
EndProject
Global
	GlobalSection(SolutionConfigurationPlatforms) = preSolution
		Debug|Any CPU = Debug|Any CPU
		Release|Any CPU = Release|Any CPU
	EndGlobalSection
	GlobalSection(ProjectConfigurationPlatforms) = postSolution
		{FC1D52FC-7816-431F-82E7-CC62E0806AAF}.Debug|Any CPU.ActiveCfg = Debug|Any CPU
		{FC1D52FC-7816-431F-82E7-CC62E0806AAF}.Debug|Any CPU.Build.0 = Debug|Any CPU
		{FC1D52FC-7816-431F-82E7-CC62E0806AAF}.Release|Any CPU.ActiveCfg = Release|Any CPU
		{FC1D52FC-7816-431F-82E7-CC62E0806AAF}.Release|Any CPU.Build.0 = Release|Any CPU
		{A9BFA392-DC33-4FAF-BEF5-01D9149D5509}.Debug|Any CPU.ActiveCfg = Debug|Any CPU
		{A9BFA392-DC33-4FAF-BEF5-01D9149D5509}.Debug|Any CPU.Build.0 = Debug|Any CPU
		{A9BFA392-DC33-4FAF-BEF5-01D9149D5509}.Release|Any CPU.ActiveCfg = Release|Any CPU
		{A9BFA392-DC33-4FAF-BEF5-01D9149D5509}.Release|Any CPU.Build.0 = Release|Any CPU
		{73D48706-3A9B-4E15-9266-79D76BE75511}.Debug|Any CPU.ActiveCfg = Debug|Any CPU
		{73D48706-3A9B-4E15-9266-79D76BE75511}.Debug|Any CPU.Build.0 = Debug|Any CPU
		{73D48706-3A9B-4E15-9266-79D76BE75511}.Release|Any CPU.ActiveCfg = Release|Any CPU
		{73D48706-3A9B-4E15-9266-79D76BE75511}.Release|Any CPU.Build.0 = Release|Any CPU
		{9A3B7AF1-4629-4AB2-BD58-C6A885528B8E}.Debug|Any CPU.ActiveCfg = Debug|Any CPU
		{9A3B7AF1-4629-4AB2-BD58-C6A885528B8E}.Debug|Any CPU.Build.0 = Debug|Any CPU
		{9A3B7AF1-4629-4AB2-BD58-C6A885528B8E}.Release|Any CPU.ActiveCfg = Release|Any CPU
		{9A3B7AF1-4629-4AB2-BD58-C6A885528B8E}.Release|Any CPU.Build.0 = Release|Any CPU
	EndGlobalSection
	GlobalSection(SolutionProperties) = preSolution
		HideSolutionNode = FALSE
	EndGlobalSection
	GlobalSection(ExtensibilityGlobals) = postSolution
		SolutionGuid = {B1937D5E-50F8-42AD-A71F-CCFF840E0AE7}
	EndGlobalSection
EndGlobal
